{
  "lockfile_version": "1",
  "packages": {
    "bun@latest": {
      "last_modified": "2026-05-31T16:57:23Z",
      "resolved": "github:NixOS/nixpkgs/3109eaae18e09d0b8aef23dc2579e7d94b8d4b4e#bun",
      "source": "devbox-search",
      "version": "1.3.13",
      "systems": {
        "aarch64-darwin": {
          "outputs": [
            {
              "name": "out",
              "path": "/nix/store/jgl1hjr0cf6s32jcnqmkp44av4flamap-bun-1.3.13",
              "default": true
            }
          ],
          "store_path": "/nix/store/jgl1hjr0cf6s32jcnqmkp44av4flamap-bun-1.3.13"
        },
        "aarch64-linux": {
          "outputs": [
            {
              "name": "out",
              "path": "/nix/store/ywc7zrq5vr32ashfgc7dp84a2f3rzic6-bun-1.3.13",
              "default": true
            }
          ],
          "store_path": "/nix/store/ywc7zrq5vr32ashfgc7dp84a2f3rzic6-bun-1.3.13"
        },
        "x86_64-darwin": {
          "outputs": [
            {
              "name": "out",
              "path": "/nix/store/1nphhxm1h3pya9j86kql2gpsvy6nizr4-bun-1.3.13",
              "default": true
            }
          ],
          "store_path": "/nix/store/1nphhxm1h3pya9j86kql2gpsvy6nizr4-bun-1.3.13"
        },
        "x86_64-linux": {
          "outputs": [
            {
              "name": "out",
              "path": "/nix/store/z1cxjx705fswwjjns0sw2ysbd5jqxfgm-bun-1.3.13",
              "default": true
            }
          ],
          "store_path": "/nix/store/z1cxjx705fswwjjns0sw2ysbd5jqxfgm-bun-1.3.13"
        }
      }
    },
    "github:NixOS/nixpkgs/nixpkgs-unstable": {
      "last_modified": "2026-05-15T18:21:44Z",
      "resolved": "github:NixOS/nixpkgs/d233902339c02a9c334e7e593de68855ad26c4cb?lastModified=1778869304&narHash=sha256-30sZNZoA1cqF5JNO9fVX%2BwgiQYjB7HJqqJ4ztCDeBZE%3D"
    }
  }
}
